// !$*UTF8*$!
{
	archiveVersion = 1;
	classes = {
	};
	objectVersion = 56;
	objects = {

/* Begin PBXBuildFile section */
		39BE16092941EB4400FFE2C1 /* AppDelegate.swift in Sources */ = {isa = PBXBuildFile; fileRef = 39BE16082941EB4400FFE2C1 /* AppDelegate.swift */; };
		39BE160B2941EB4400FFE2C1 /* SceneDelegate.swift in Sources */ = {isa = PBXBuildFile; fileRef = 39BE160A2941EB4400FFE2C1 /* SceneDelegate.swift */; };
		39BE160D2941EB4400FFE2C1 /* ViewController.swift in Sources */ = {isa = PBXBuildFile; fileRef = 39BE160C2941EB4400FFE2C1 /* ViewController.swift */; };
		39BE16102941EB4400FFE2C1 /* Main.storyboard in Resources */ = {isa = PBXBuildFile; fileRef = 39BE160E2941EB4400FFE2C1 /* Main.storyboard */; };
		39BE16122941EB4500FFE2C1 /* Assets.xcassets in Resources */ = {isa = PBXBuildFile; fileRef = 39BE16112941EB4500FFE2C1 /* Assets.xcassets */; };
		39BE16152941EB4500FFE2C1 /* LaunchScreen.storyboard in Resources */ = {isa = PBXBuildFile; fileRef = 39BE16132941EB4500FFE2C1 /* LaunchScreen.storyboard */; };
		39C40A692941EF7A00431FF9 /* MoviesController.swift in Sources */ = {isa = PBXBuildFile; fileRef = 39C40A682941EF7A00431FF9 /* MoviesController.swift */; };
		39C40A6B29422CE300431FF9 /* Database1.json in Sources */ = {isa = PBXBuildFile; fileRef = 39C40A6A29422CE300431FF9 /* Database1.json */; };
		39C40A6D29422D0200431FF9 /* Database2.json in Sources */ = {isa = PBXBuildFile; fileRef = 39C40A6C29422D0200431FF9 /* Database2.json */; };
		39E1149729444C72005E7D00 /* lottie.json in Resources */ = {isa = PBXBuildFile; fileRef = 39E1149629444C72005E7D00 /* lottie.json */; };
		39E3DFDF29426E4300EF3F51 /* Database1.json in Resources */ = {isa = PBXBuildFile; fileRef = 39C40A6A29422CE300431FF9 /* Database1.json */; };
		39E3DFE029426E4700EF3F51 /* Database2.json in Resources */ = {isa = PBXBuildFile; fileRef = 39C40A6C29422D0200431FF9 /* Database2.json */; };
		39E3DFE229439CE100EF3F51 /* TableViewController.swift in Sources */ = {isa = PBXBuildFile; fileRef = 39E3DFE129439CE100EF3F51 /* TableViewController.swift */; };
		39EF81E229439EEE00AA5729 /* CustomTableViewCell.swift in Sources */ = {isa = PBXBuildFile; fileRef = 39EF81E129439EEE00AA5729 /* CustomTableViewCell.swift */; };
		39EF81E829443C5300AA5729 /*  ! ! ! TERMS OF USE.txt in Resources */ = {isa = PBXBuildFile; fileRef = 39EF81E529443C5200AA5729 /*  ! ! ! TERMS OF USE.txt */; };
		39EF81E929443C5300AA5729 /* Feelfreew.ttf in Resources */ = {isa = PBXBuildFile; fileRef = 39EF81E629443C5200AA5729 /* Feelfreew.ttf */; };
		39EF81EA29443C5300AA5729 /* info.txt in Resources */ = {isa = PBXBuildFile; fileRef = 39EF81E729443C5200AA5729 /* info.txt */; };
		39EF81F029443FFF00AA5729 /* CreditCard_ReadMe.txt in Resources */ = {isa = PBXBuildFile; fileRef = 39EF81ED29443FFF00AA5729 /* CreditCard_ReadMe.txt */; };
		39EF81F129443FFF00AA5729 /* hey.txt in Resources */ = {isa = PBXBuildFile; fileRef = 39EF81EE29443FFF00AA5729 /* hey.txt */; };
		39EF81F229443FFF00AA5729 /* CreditCard-26Me.ttf in Resources */ = {isa = PBXBuildFile; fileRef = 39EF81EF29443FFF00AA5729 /* CreditCard-26Me.ttf */; };
		6E5984AFBF9E926E3CC22312 /* Pods_Reflix.framework in Frameworks */ = {isa = PBXBuildFile; fileRef = 2C04B5EA009D5D157F1E297A /* Pods_Reflix.framework */; };
/* End PBXBuildFile section */

/* Begin PBXFileReference section */
		2C04B5EA009D5D157F1E297A /* Pods_Reflix.framework */ = {isa = PBXFileReference; explicitFileType = wrapper.framework; includeInIndex = 0; path = Pods_Reflix.framework; sourceTree = BUILT_PRODUCTS_DIR; };
		2FA09681CFE557C89694BF33 /* Pods-Reflix.debug.xcconfig */ = {isa = PBXFileReference; includeInIndex = 1; lastKnownFileType = text.xcconfig; name = "Pods-Reflix.debug.xcconfig"; path = "Target Support Files/Pods-Reflix/Pods-Reflix.debug.xcconfig"; sourceTree = "<group>"; };
		39BE16052941EB4400FFE2C1 /* Reflix.app */ = {isa = PBXFileReference; explicitFileType = wrapper.application; includeInIndex = 0; path = Reflix.app; sourceTree = BUILT_PRODUCTS_DIR; };
		39BE16082941EB4400FFE2C1 /* AppDelegate.swift */ = {isa = PBXFileReference; lastKnownFileType = sourcecode.swift; path = AppDelegate.swift; sourceTree = "<group>"; };
		39BE160A2941EB4400FFE2C1 /* SceneDelegate.swift */ = {isa = PBXFileReference; lastKnownFileType = sourcecode.swift; path = SceneDelegate.swift; sourceTree = "<group>"; };
		39BE160C2941EB4400FFE2C1 /* ViewController.swift */ = {isa = PBXFileReference; lastKnownFileType = sourcecode.swift; path = ViewController.swift; sourceTree = "<group>"; };
		39BE160F2941EB4400FFE2C1 /* Base */ = {isa = PBXFileReference; lastKnownFileType = file.storyboard; name = Base; path = Base.lproj/Main.storyboard; sourceTree = "<group>"; };
		39BE16112941EB4500FFE2C1 /* Assets.xcassets */ = {isa = PBXFileReference; lastKnownFileType = folder.assetcatalog; path = Assets.xcassets; sourceTree = "<group>"; };
		39BE16142941EB4500FFE2C1 /* Base */ = {isa = PBXFileReference; lastKnownFileType = file.storyboard; name = Base; path = Base.lproj/LaunchScreen.storyboard; sourceTree = "<group>"; };
		39BE16162941EB4500FFE2C1 /* Info.plist */ = {isa = PBXFileReference; lastKnownFileType = text.plist.xml; path = Info.plist; sourceTree = "<group>"; };
		39C40A682941EF7A00431FF9 /* MoviesController.swift */ = {isa = PBXFileReference; lastKnownFileType = sourcecode.swift; path = MoviesController.swift; sourceTree = "<group>"; };
		39C40A6A29422CE300431FF9 /* Database1.json */ = {isa = PBXFileReference; lastKnownFileType = text.json; path = Database1.json; sourceTree = "<group>"; };
		39C40A6C29422D0200431FF9 /* Database2.json */ = {isa = PBXFileReference; lastKnownFileType = text.json; path = Database2.json; sourceTree = "<group>"; };
		39E1149629444C72005E7D00 /* lottie.json */ = {isa = PBXFileReference; fileEncoding = 4; lastKnownFileType = text.json; path = lottie.json; sourceTree = "<group>"; };
		39E3DFE129439CE100EF3F51 /* TableViewController.swift */ = {isa = PBXFileReference; lastKnownFileType = sourcecode.swift; path = TableViewController.swift; sourceTree = "<group>"; };
		39EF81E129439EEE00AA5729 /* CustomTableViewCell.swift */ = {isa = PBXFileReference; lastKnownFileType = sourcecode.swift; path = CustomTableViewCell.swift; sourceTree = "<group>"; };
		39EF81E529443C5200AA5729 /*  ! ! ! TERMS OF USE.txt */ = {isa = PBXFileReference; fileEncoding = 4; lastKnownFileType = text; path = " ! ! ! TERMS OF USE.txt"; sourceTree = "<group>"; };
		39EF81E629443C5200AA5729 /* Feelfreew.ttf */ = {isa = PBXFileReference; lastKnownFileType = file; path = Feelfreew.ttf; sourceTree = "<group>"; };
		39EF81E729443C5200AA5729 /* info.txt */ = {isa = PBXFileReference; fileEncoding = 4; lastKnownFileType = text; path = info.txt; sourceTree = "<group>"; };
		39EF81ED29443FFF00AA5729 /* CreditCard_ReadMe.txt */ = {isa = PBXFileReference; fileEncoding = 4; lastKnownFileType = text; path = CreditCard_ReadMe.txt; sourceTree = "<group>"; };
		39EF81EE29443FFF00AA5729 /* hey.txt */ = {isa = PBXFileReference; fileEncoding = 4; lastKnownFileType = text; path = hey.txt; sourceTree = "<group>"; };
		39EF81EF29443FFF00AA5729 /* CreditCard-26Me.ttf */ = {isa = PBXFileReference; lastKnownFileType = file; path = "CreditCard-26Me.ttf"; sourceTree = "<group>"; };
		442C2DD61C6B2A1F7077F4BB /* Pods-Reflix.release.xcconfig */ = {isa = PBXFileReference; includeInIndex = 1; lastKnownFileType = text.xcconfig; name = "Pods-Reflix.release.xcconfig"; path = "Target Support Files/Pods-Reflix/Pods-Reflix.release.xcconfig"; sourceTree = "<group>"; };
/* End PBXFileReference section */

/* Begin PBXFrameworksBuildPhase section */
		39BE16022941EB4400FFE2C1 /* Frameworks */ = {
			isa = PBXFrameworksBuildPhase;
			buildActionMask = 2147483647;
			files = (
				6E5984AFBF9E926E3CC22312 /* Pods_Reflix.framework in Frameworks */,
			);
			runOnlyForDeploymentPostprocessing = 0;
		};
/* End PBXFrameworksBuildPhase section */

/* Begin PBXGroup section */
		1C8AA596E58C2A43EDAC9F63 /* Pods */ = {
			isa = PBXGroup;
			children = (
				2FA09681CFE557C89694BF33 /* Pods-Reflix.debug.xcconfig */,
				442C2DD61C6B2A1F7077F4BB /* Pods-Reflix.release.xcconfig */,
			);
			path = Pods;
			sourceTree = "<group>";
		};
		39BE15FC2941EB4400FFE2C1 = {
			isa = PBXGroup;
			children = (
				39BE16072941EB4400FFE2C1 /* Reflix */,
				39BE16062941EB4400FFE2C1 /* Products */,
				1C8AA596E58C2A43EDAC9F63 /* Pods */,
				6407C08627B5B494E4F898D4 /* Frameworks */,
			);
			sourceTree = "<group>";
		};
		39BE16062941EB4400FFE2C1 /* Products */ = {
			isa = PBXGroup;
			children = (
				39BE16052941EB4400FFE2C1 /* Reflix.app */,
			);
			name = Products;
			sourceTree = "<group>";
		};
		39BE16072941EB4400FFE2C1 /* Reflix */ = {
			isa = PBXGroup;
			children = (
				39BE16082941EB4400FFE2C1 /* AppDelegate.swift */,
				39BE160A2941EB4400FFE2C1 /* SceneDelegate.swift */,
				39E1149B29445BEE005E7D00 /* Model */,
				39E1149C29445BFD005E7D00 /* ViewControllers */,
				39E1149D29445C24005E7D00 /* Database */,
				39BE160E2941EB4400FFE2C1 /* Main.storyboard */,
				39BE16132941EB4500FFE2C1 /* LaunchScreen.storyboard */,
				39E1149529444C48005E7D00 /* Lottie */,
				39EF81F42944401B00AA5729 /* Fonts */,
				39BE16112941EB4500FFE2C1 /* Assets.xcassets */,
				39BE16162941EB4500FFE2C1 /* Info.plist */,
			);
			path = Reflix;
			sourceTree = "<group>";
		};
		39E1149529444C48005E7D00 /* Lottie */ = {
			isa = PBXGroup;
			children = (
				39E1149629444C72005E7D00 /* lottie.json */,
			);
			path = Lottie;
			sourceTree = "<group>";
		};
		39E1149B29445BEE005E7D00 /* Model */ = {
			isa = PBXGroup;
			children = (
				39C40A682941EF7A00431FF9 /* MoviesController.swift */,
			);
			path = Model;
			sourceTree = "<group>";
		};
		39E1149C29445BFD005E7D00 /* ViewControllers */ = {
			isa = PBXGroup;
			children = (
				39BE160C2941EB4400FFE2C1 /* ViewController.swift */,
				39E3DFE129439CE100EF3F51 /* TableViewController.swift */,
				39EF81E129439EEE00AA5729 /* CustomTableViewCell.swift */,
			);
			path = ViewControllers;
			sourceTree = "<group>";
		};
		39E1149D29445C24005E7D00 /* Database */ = {
			isa = PBXGroup;
			children = (
				39C40A6A29422CE300431FF9 /* Database1.json */,
				39C40A6C29422D0200431FF9 /* Database2.json */,
			);
			path = Database;
			sourceTree = "<group>";
		};
		39EF81E329443C5200AA5729 /* feelfree-font */ = {
			isa = PBXGroup;
			children = (
				39EF81E429443C5200AA5729 /* misc */,
				39EF81E629443C5200AA5729 /* Feelfreew.ttf */,
				39EF81E729443C5200AA5729 /* info.txt */,
			);
			path = "feelfree-font";
			sourceTree = "<group>";
		};
		39EF81E429443C5200AA5729 /* misc */ = {
			isa = PBXGroup;
			children = (
				39EF81E529443C5200AA5729 /*  ! ! ! TERMS OF USE.txt */,
			);
			path = misc;
			sourceTree = "<group>";
		};
		39EF81EB29443FFF00AA5729 /* credit-card-font */ = {
			isa = PBXGroup;
			children = (
				39EF81EC29443FFF00AA5729 /* misc */,
				39EF81EE29443FFF00AA5729 /* hey.txt */,
				39EF81EF29443FFF00AA5729 /* CreditCard-26Me.ttf */,
			);
			path = "credit-card-font";
			sourceTree = "<group>";
		};
		39EF81EC29443FFF00AA5729 /* misc */ = {
			isa = PBXGroup;
			children = (
				39EF81ED29443FFF00AA5729 /* CreditCard_ReadMe.txt */,
			);
			path = misc;
			sourceTree = "<group>";
		};
		39EF81F42944401B00AA5729 /* Fonts */ = {
			isa = PBXGroup;
			children = (
				39EF81E329443C5200AA5729 /* feelfree-font */,
				39EF81EB29443FFF00AA5729 /* credit-card-font */,
			);
			path = Fonts;
			sourceTree = "<group>";
		};
		6407C08627B5B494E4F898D4 /* Frameworks */ = {
			isa = PBXGroup;
			children = (
				2C04B5EA009D5D157F1E297A /* Pods_Reflix.framework */,
			);
			name = Frameworks;
			sourceTree = "<group>";
		};
/* End PBXGroup section */

/* Begin PBXNativeTarget section */
		39BE16042941EB4400FFE2C1 /* Reflix */ = {
			isa = PBXNativeTarget;
			buildConfigurationList = 39BE16192941EB4500FFE2C1 /* Build configuration list for PBXNativeTarget "Reflix" */;
			buildPhases = (
				63E53B2892FAC564F8DF28BB /* [CP] Check Pods Manifest.lock */,
				39BE16012941EB4400FFE2C1 /* Sources */,
				39BE16022941EB4400FFE2C1 /* Frameworks */,
				39BE16032941EB4400FFE2C1 /* Resources */,
				2CED41320E6C35928308A142 /* [CP] Embed Pods Frameworks */,
			);
			buildRules = (
			);
			dependencies = (
			);
			name = Reflix;
			productName = Reflix;
			productReference = 39BE16052941EB4400FFE2C1 /* Reflix.app */;
			productType = "com.apple.product-type.application";
		};
/* End PBXNativeTarget section */

/* Begin PBXProject section */
		39BE15FD2941EB4400FFE2C1 /* Project object */ = {
			isa = PBXProject;
			attributes = {
				BuildIndependentTargetsInParallel = 1;
				LastSwiftUpdateCheck = 1400;
				LastUpgradeCheck = 1400;
				TargetAttributes = {
					39BE16042941EB4400FFE2C1 = {
						CreatedOnToolsVersion = 14.0;
					};
				};
			};
			buildConfigurationList = 39BE16002941EB4400FFE2C1 /* Build configuration list for PBXProject "Reflix" */;
			compatibilityVersion = "Xcode 14.0";
			developmentRegion = en;
			hasScannedForEncodings = 0;
			knownRegions = (
				en,
				Base,
			);
			mainGroup = 39BE15FC2941EB4400FFE2C1;
			productRefGroup = 39BE16062941EB4400FFE2C1 /* Products */;
			projectDirPath = "";
			projectRoot = "";
			targets = (
				39BE16042941EB4400FFE2C1 /* Reflix */,
			);
		};
/* End PBXProject section */

/* Begin PBXResourcesBuildPhase section */
		39BE16032941EB4400FFE2C1 /* Resources */ = {
			isa = PBXResourcesBuildPhase;
			buildActionMask = 2147483647;
			files = (
				39E1149729444C72005E7D00 /* lottie.json in Resources */,
				39E3DFE029426E4700EF3F51 /* Database2.json in Resources */,
				39E3DFDF29426E4300EF3F51 /* Database1.json in Resources */,
				39EF81EA29443C5300AA5729 /* info.txt in Resources */,
				39EF81F229443FFF00AA5729 /* CreditCard-26Me.ttf in Resources */,
				39BE16152941EB4500FFE2C1 /* LaunchScreen.storyboard in Resources */,
				39EF81F129443FFF00AA5729 /* hey.txt in Resources */,
				39BE16122941EB4500FFE2C1 /* Assets.xcassets in Resources */,
				39EF81E929443C5300AA5729 /* Feelfreew.ttf in Resources */,
				39EF81F029443FFF00AA5729 /* CreditCard_ReadMe.txt in Resources */,
				39BE16102941EB4400FFE2C1 /* Main.storyboard in Resources */,
				39EF81E829443C5300AA5729 /*  ! ! ! TERMS OF USE.txt in Resources */,
			);
			runOnlyForDeploymentPostprocessing = 0;
		};
/* End PBXResourcesBuildPhase section */

/* Begin PBXShellScriptBuildPhase section */
		2CED41320E6C35928308A142 /* [CP] Embed Pods Frameworks */ = {
			isa = PBXShellScriptBuildPhase;
			buildActionMask = 2147483647;
			files = (
			);
			inputFileListPaths = (
				"${PODS_ROOT}/Target Support Files/Pods-Reflix/Pods-Reflix-frameworks-${CONFIGURATION}-input-files.xcfilelist",
			);
			name = "[CP] Embed Pods Frameworks";
			outputFileListPaths = (
				"${PODS_ROOT}/Target Support Files/Pods-Reflix/Pods-Reflix-frameworks-${CONFIGURATION}-output-files.xcfilelist",
			);
			runOnlyForDeploymentPostprocessing = 0;
			shellPath = /bin/sh;
			shellScript = "\"${PODS_ROOT}/Target Support Files/Pods-Reflix/Pods-Reflix-frameworks.sh\"\n";
			showEnvVarsInLog = 0;
		};
		63E53B2892FAC564F8DF28BB /* [CP] Check Pods Manifest.lock */ = {
			isa = PBXShellScriptBuildPhase;
			buildActionMask = 2147483647;
			files = (
			);
			inputFileListPaths = (
			);
			inputPaths = (
				"${PODS_PODFILE_DIR_PATH}/Podfile.lock",
				"${PODS_ROOT}/Manifest.lock",
			);
			name = "[CP] Check Pods Manifest.lock";
			outputFileListPaths = (
			);
			outputPaths = (
				"$(DERIVED_FILE_DIR)/Pods-Reflix-checkManifestLockResult.txt",
			);
			runOnlyForDeploymentPostprocessing = 0;
			shellPath = /bin/sh;
			shellScript = "diff \"${PODS_PODFILE_DIR_PATH}/Podfile.lock\" \"${PODS_ROOT}/Manifest.lock\" > /dev/null\nif [ $? != 0 ] ; then\n    # print error to STDERR\n    echo \"error: The sandbox is not in sync with the Podfile.lock. Run 'pod install' or update your CocoaPods installation.\" >&2\n    exit 1\nfi\n# This output is used by Xcode 'outputs' to avoid re-running this script phase.\necho \"SUCCESS\" > \"${SCRIPT_OUTPUT_FILE_0}\"\n";
			showEnvVarsInLog = 0;
		};
/* End PBXShellScriptBuildPhase section */

/* Begin PBXSourcesBuildPhase section */
		39BE16012941EB4400FFE2C1 /* Sources */ = {
			isa = PBXSourcesBuildPhase;
			buildActionMask = 2147483647;
			files = (
				39C40A692941EF7A00431FF9 /* MoviesController.swift in Sources */,
				39E3DFE229439CE100EF3F51 /* TableViewController.swift in Sources */,
				39EF81E229439EEE00AA5729 /* CustomTableViewCell.swift in Sources */,
				39C40A6D29422D0200431FF9 /* Database2.json in Sources */,
				39C40A6B29422CE300431FF9 /* Database1.json in Sources */,
				39BE160D2941EB4400FFE2C1 /* ViewController.swift in Sources */,
				39BE16092941EB4400FFE2C1 /* AppDelegate.swift in Sources */,
				39BE160B2941EB4400FFE2C1 /* SceneDelegate.swift in Sources */,
			);
			runOnlyForDeploymentPostprocessing = 0;
		};
/* End PBXSourcesBuildPhase section */

/* Begin PBXVariantGroup section */
		39BE160E2941EB4400FFE2C1 /* Main.storyboard */ = {
			isa = PBXVariantGroup;
			children = (
				39BE160F2941EB4400FFE2C1 /* Base */,
			);
			name = Main.storyboard;
			sourceTree = "<group>";
		};
		39BE16132941EB4500FFE2C1 /* LaunchScreen.storyboard */ = {
			isa = PBXVariantGroup;
			children = (
				39BE16142941EB4500FFE2C1 /* Base */,
			);
			name = LaunchScreen.storyboard;
			sourceTree = "<group>";
		};
/* End PBXVariantGroup section */

/* Begin XCBuildConfiguration section */
		39BE16172941EB4500FFE2C1 /* Debug */ = {
			isa = XCBuildConfiguration;
			buildSettings = {
				ALWAYS_SEARCH_USER_PATHS = NO;
				CLANG_ANALYZER_NONNULL = YES;
				CLANG_ANALYZER_NUMBER_OBJECT_CONVERSION = YES_AGGRESSIVE;
				CLANG_CXX_LANGUAGE_STANDARD = "gnu++20";
				CLANG_ENABLE_MODULES = YES;
				CLANG_ENABLE_OBJC_ARC = YES;
				CLANG_ENABLE_OBJC_WEAK = YES;
				CLANG_WARN_BLOCK_CAPTURE_AUTORELEASING = YES;
				CLANG_WARN_BOOL_CONVERSION = YES;
				CLANG_WARN_COMMA = YES;
				CLANG_WARN_CONSTANT_CONVERSION = YES;
				CLANG_WARN_DEPRECATED_OBJC_IMPLEMENTATIONS = YES;
				CLANG_WARN_DIRECT_OBJC_ISA_USAGE = YES_ERROR;
				CLANG_WARN_DOCUMENTATION_COMMENTS = YES;
				CLANG_WARN_EMPTY_BODY = YES;
				CLANG_WARN_ENUM_CONVERSION = YES;
				CLANG_WARN_INFINITE_RECURSION = YES;
				CLANG_WARN_INT_CONVERSION = YES;
				CLANG_WARN_NON_LITERAL_NULL_CONVERSION = YES;
				CLANG_WARN_OBJC_IMPLICIT_RETAIN_SELF = YES;
				CLANG_WARN_OBJC_LITERAL_CONVERSION = YES;
				CLANG_WARN_OBJC_ROOT_CLASS = YES_ERROR;
				CLANG_WARN_QUOTED_INCLUDE_IN_FRAMEWORK_HEADER = YES;
				CLANG_WARN_RANGE_LOOP_ANALYSIS = YES;
				CLANG_WARN_STRICT_PROTOTYPES = YES;
				CLANG_WARN_SUSPICIOUS_MOVE = YES;
				CLANG_WARN_UNGUARDED_AVAILABILITY = YES_AGGRESSIVE;
				CLANG_WARN_UNREACHABLE_CODE = YES;
				CLANG_WARN__DUPLICATE_METHOD_MATCH = YES;
				COPY_PHASE_STRIP = NO;
				DEBUG_INFORMATION_FORMAT = dwarf;
				ENABLE_STRICT_OBJC_MSGSEND = YES;
				ENABLE_TESTABILITY = YES;
				GCC_C_LANGUAGE_STANDARD = gnu11;
				GCC_DYNAMIC_NO_PIC = NO;
				GCC_NO_COMMON_BLOCKS = YES;
				GCC_OPTIMIZATION_LEVEL = 0;
				GCC_PREPROCESSOR_DEFINITIONS = (
					"DEBUG=1",
					"$(inherited)",
				);
				GCC_WARN_64_TO_32_BIT_CONVERSION = YES;
				GCC_WARN_ABOUT_RETURN_TYPE = YES_ERROR;
				GCC_WARN_UNDECLARED_SELECTOR = YES;
				GCC_WARN_UNINITIALIZED_AUTOS = YES_AGGRESSIVE;
				GCC_WARN_UNUSED_FUNCTION = YES;
				GCC_WARN_UNUSED_VARIABLE = YES;
				IPHONEOS_DEPLOYMENT_TARGET = 16.0;
				MTL_ENABLE_DEBUG_INFO = INCLUDE_SOURCE;
				MTL_FAST_MATH = YES;
				ONLY_ACTIVE_ARCH = YES;
				SDKROOT = iphoneos;
				SWIFT_ACTIVE_COMPILATION_CONDITIONS = DEBUG;
				SWIFT_OPTIMIZATION_LEVEL = "-Onone";
			};
			name = Debug;
		};
		39BE16182941EB4500FFE2C1 /* Release */ = {
			isa = XCBuildConfiguration;
			buildSettings = {
				ALWAYS_SEARCH_USER_PATHS = NO;
				CLANG_ANALYZER_NONNULL = YES;
				CLANG_ANALYZER_NUMBER_OBJECT_CONVERSION = YES_AGGRESSIVE;
				CLANG_CXX_LANGUAGE_STANDARD = "gnu++20";
				CLANG_ENABLE_MODULES = YES;
				CLANG_ENABLE_OBJC_ARC = YES;
				CLANG_ENABLE_OBJC_WEAK = YES;
				CLANG_WARN_BLOCK_CAPTURE_AUTORELEASING = YES;
				CLANG_WARN_BOOL_CONVERSION = YES;
				CLANG_WARN_COMMA = YES;
				CLANG_WARN_CONSTANT_CONVERSION = YES;
				CLANG_WARN_DEPRECATED_OBJC_IMPLEMENTATIONS = YES;
				CLANG_WARN_DIRECT_OBJC_ISA_USAGE = YES_ERROR;
				CLANG_WARN_DOCUMENTATION_COMMENTS = YES;
				CLANG_WARN_EMPTY_BODY = YES;
				CLANG_WARN_ENUM_CONVERSION = YES;
				CLANG_WARN_INFINITE_RECURSION = YES;
				CLANG_WARN_INT_CONVERSION = YES;
				CLANG_WARN_NON_LITERAL_NULL_CONVERSION = YES;
				CLANG_WARN_OBJC_IMPLICIT_RETAIN_SELF = YES;
				CLANG_WARN_OBJC_LITERAL_CONVERSION = YES;
				CLANG_WARN_OBJC_ROOT_CLASS = YES_ERROR;
				CLANG_WARN_QUOTED_INCLUDE_IN_FRAMEWORK_HEADER = YES;
				CLANG_WARN_RANGE_LOOP_ANALYSIS = YES;
				CLANG_WARN_STRICT_PROTOTYPES = YES;
				CLANG_WARN_SUSPICIOUS_MOVE = YES;
				CLANG_WARN_UNGUARDED_AVAILABILITY = YES_AGGRESSIVE;
				CLANG_WARN_UNREACHABLE_CODE = YES;
				CLANG_WARN__DUPLICATE_METHOD_MATCH = YES;
				COPY_PHASE_STRIP = NO;
				DEBUG_INFORMATION_FORMAT = "dwarf-with-dsym";
				ENABLE_NS_ASSERTIONS = NO;
				ENABLE_STRICT_OBJC_MSGSEND = YES;
				GCC_C_LANGUAGE_STANDARD = gnu11;
				GCC_NO_COMMON_BLOCKS = YES;
				GCC_WARN_64_TO_32_BIT_CONVERSION = YES;
				GCC_WARN_ABOUT_RETURN_TYPE = YES_ERROR;
				GCC_WARN_UNDECLARED_SELECTOR = YES;
				GCC_WARN_UNINITIALIZED_AUTOS = YES_AGGRESSIVE;
				GCC_WARN_UNUSED_FUNCTION = YES;
				GCC_WARN_UNUSED_VARIABLE = YES;
				IPHONEOS_DEPLOYMENT_TARGET = 16.0;
				MTL_ENABLE_DEBUG_INFO = NO;
				MTL_FAST_MATH = YES;
				SDKROOT = iphoneos;
				SWIFT_COMPILATION_MODE = wholemodule;
				SWIFT_OPTIMIZATION_LEVEL = "-O";
				VALIDATE_PRODUCT = YES;
			};
			name = Release;
		};
		39BE161A2941EB4500FFE2C1 /* Debug */ = {
			isa = XCBuildConfiguration;
			baseConfigurationReference = 2FA09681CFE557C89694BF33 /* Pods-Reflix.debug.xcconfig */;
			buildSettings = {
				ASSETCATALOG_COMPILER_APPICON_NAME = AppIcon;
				ASSETCATALOG_COMPILER_GLOBAL_ACCENT_COLOR_NAME = AccentColor;
				CODE_SIGN_STYLE = Automatic;
				CURRENT_PROJECT_VERSION = 1;
				DEVELOPMENT_TEAM = FW98869MS8;
				GENERATE_INFOPLIST_FILE = YES;
				INFOPLIST_FILE = Reflix/Info.plist;
				INFOPLIST_KEY_UIApplicationSupportsIndirectInputEvents = YES;
				INFOPLIST_KEY_UILaunchStoryboardName = LaunchScreen;
				INFOPLIST_KEY_UIMainStoryboardFile = Main;
				INFOPLIST_KEY_UISupportedInterfaceOrientations_iPad = "UIInterfaceOrientationPortrait UIInterfaceOrientationPortraitUpsideDown UIInterfaceOrientationLandscapeLeft UIInterfaceOrientationLandscapeRight";
				INFOPLIST_KEY_UISupportedInterfaceOrientations_iPhone = "UIInterfaceOrientationPortrait UIInterfaceOrientationLandscapeLeft UIInterfaceOrientationLandscapeRight";
				LD_RUNPATH_SEARCH_PATHS = (
					"$(inherited)",
					"@executable_path/Frameworks",
				);
				MARKETING_VERSION = 1.0;
				PRODUCT_BUNDLE_IDENTIFIER = com.vxcx.Reflix;
				PRODUCT_NAME = "$(TARGET_NAME)";
				SWIFT_EMIT_LOC_STRINGS = YES;
				SWIFT_VERSION = 5.0;
				TARGETED_DEVICE_FAMILY = "1,2";
			};
			name = Debug;
		};
		39BE161B2941EB4500FFE2C1 /* Release */ = {
			isa = XCBuildConfiguration;
			baseConfigurationReference = 442C2DD61C6B2A1F7077F4BB /* Pods-Reflix.release.xcconfig */;
			buildSettings = {
				ASSETCATALOG_COMPILER_APPICON_NAME = AppIcon;
				ASSETCATALOG_COMPILER_GLOBAL_ACCENT_COLOR_NAME = AccentColor;
				CODE_SIGN_STYLE = Automatic;
				CURRENT_PROJECT_VERSION = 1;
				DEVELOPMENT_TEAM = FW98869MS8;
				GENERATE_INFOPLIST_FILE = YES;
				INFOPLIST_FILE = Reflix/Info.plist;
				INFOPLIST_KEY_UIApplicationSupportsIndirectInputEvents = YES;
				INFOPLIST_KEY_UILaunchStoryboardName = LaunchScreen;
				INFOPLIST_KEY_UIMainStoryboardFile = Main;
				INFOPLIST_KEY_UISupportedInterfaceOrientations_iPad = "UIInterfaceOrientationPortrait UIInterfaceOrientationPortraitUpsideDown UIInterfaceOrientationLandscapeLeft UIInterfaceOrientationLandscapeRight";
				INFOPLIST_KEY_UISupportedInterfaceOrientations_iPhone = "UIInterfaceOrientationPortrait UIInterfaceOrientationLandscapeLeft UIInterfaceOrientationLandscapeRight";
				LD_RUNPATH_SEARCH_PATHS = (
					"$(inherited)",
					"@executable_path/Frameworks",
				);
				MARKETING_VERSION = 1.0;
				PRODUCT_BUNDLE_IDENTIFIER = com.vxcx.Reflix;
				PRODUCT_NAME = "$(TARGET_NAME)";
				SWIFT_EMIT_LOC_STRINGS = YES;
				SWIFT_VERSION = 5.0;
				TARGETED_DEVICE_FAMILY = "1,2";
			};
			name = Release;
		};
/* End XCBuildConfiguration section */

/* Begin XCConfigurationList section */
		39BE16002941EB4400FFE2C1 /* Build configuration list for PBXProject "Reflix" */ = {
			isa = XCConfigurationList;
			buildConfigurations = (
				39BE16172941EB4500FFE2C1 /* Debug */,
				39BE16182941EB4500FFE2C1 /* Release */,
			);
			defaultConfigurationIsVisible = 0;
			defaultConfigurationName = Release;
		};
		39BE16192941EB4500FFE2C1 /* Build configuration list for PBXNativeTarget "Reflix" */ = {
			isa = XCConfigurationList;
			buildConfigurations = (
				39BE161A2941EB4500FFE2C1 /* Debug */,
				39BE161B2941EB4500FFE2C1 /* Release */,
			);
			defaultConfigurationIsVisible = 0;
			defaultConfigurationName = Release;
		};
/* End XCConfigurationList section */
	};
	rootObject = 39BE15FD2941EB4400FFE2C1 /* Project object */;
}
