PODS:
  - BulletinBoard (5.0.0)
  - lottie-ios (3.4.3)

DEPENDENCIES:
  - BulletinBoard
  - lottie-ios

SPEC REPOS:
  trunk:
    - BulletinBoard
    - lottie-ios

SPEC CHECKSUMS:
  BulletinBoard: dba77053c2a7b64953f63073f7534165af2edd21
  lottie-ios: 9ae750cdc7820fecbd3c2f0cfc493038208fcdc4

PODFILE CHECKSUM: 80b7b5708e7f0ad66ccf41de2e655367194795a2

COCOAPODS: 1.11.3
